// !$*UTF8*$!
{
	archiveVersion = 1;
	classes = {
	};
	objectVersion = 56;
	objects = {

/* Begin PBXBuildFile section */
		7E772F6A2B25EE8E00A305CB /* Skybox_Green.skybox in Resources */ = {isa = PBXBuildFile; fileRef = 7E772F682B25EE8E00A305CB /* Skybox_Green.skybox */; };
		7E772F6B2B25EE8E00A305CB /* Skybox_Yellow.skybox in Resources */ = {isa = PBXBuildFile; fileRef = 7E772F692B25EE8E00A305CB /* Skybox_Yellow.skybox */; };
		7E772F6D2B25F4A200A305CB /* Animationsystem.swift in Sources */ = {isa = PBXBuildFile; fileRef = 7E772F6C2B25F4A200A305CB /* Animationsystem.swift */; };
		7E772F712B26068900A305CB /* ViewModel.swift in Sources */ = {isa = PBXBuildFile; fileRef = 7E772F702B26068900A305CB /* ViewModel.swift */; };
		7ED2B0182B25E615000CA5C7 /* RealityKitContent in Frameworks */ = {isa = PBXBuildFile; productRef = 7ED2B0172B25E615000CA5C7 /* RealityKitContent */; };
		7ED2B01A2B25E615000CA5C7 /* ImageBasedLightingExampleApp.swift in Sources */ = {isa = PBXBuildFile; fileRef = 7ED2B0192B25E615000CA5C7 /* ImageBasedLightingExampleApp.swift */; };
		7ED2B01C2B25E615000CA5C7 /* ContentView.swift in Sources */ = {isa = PBXBuildFile; fileRef = 7ED2B01B2B25E615000CA5C7 /* ContentView.swift */; };
		7ED2B01E2B25E615000CA5C7 /* ImmersiveView.swift in Sources */ = {isa = PBXBuildFile; fileRef = 7ED2B01D2B25E615000CA5C7 /* ImmersiveView.swift */; };
		7ED2B0222B25E617000CA5C7 /* Assets.xcassets in Resources */ = {isa = PBXBuildFile; fileRef = 7ED2B0212B25E617000CA5C7 /* Assets.xcassets */; };
		7ED2B0252B25E617000CA5C7 /* Preview Assets.xcassets in Resources */ = {isa = PBXBuildFile; fileRef = 7ED2B0242B25E617000CA5C7 /* Preview Assets.xcassets */; };
/* End PBXBuildFile section */

/* Begin PBXFileReference section */
		7E772F682B25EE8E00A305CB /* Skybox_Green.skybox */ = {isa = PBXFileReference; lastKnownFileType = file.skybox; path = Skybox_Green.skybox; sourceTree = "<group>"; };
		7E772F692B25EE8E00A305CB /* Skybox_Yellow.skybox */ = {isa = PBXFileReference; lastKnownFileType = file.skybox; path = Skybox_Yellow.skybox; sourceTree = "<group>"; };
		7E772F6C2B25F4A200A305CB /* Animationsystem.swift */ = {isa = PBXFileReference; lastKnownFileType = sourcecode.swift; path = Animationsystem.swift; sourceTree = "<group>"; };
		7E772F702B26068900A305CB /* ViewModel.swift */ = {isa = PBXFileReference; lastKnownFileType = sourcecode.swift; path = ViewModel.swift; sourceTree = "<group>"; };
		7ED2B0122B25E615000CA5C7 /* ImageBasedLightingExample.app */ = {isa = PBXFileReference; explicitFileType = wrapper.application; includeInIndex = 0; path = ImageBasedLightingExample.app; sourceTree = BUILT_PRODUCTS_DIR; };
		7ED2B0162B25E615000CA5C7 /* RealityKitContent */ = {isa = PBXFileReference; lastKnownFileType = wrapper; path = RealityKitContent; sourceTree = "<group>"; };
		7ED2B0192B25E615000CA5C7 /* ImageBasedLightingExampleApp.swift */ = {isa = PBXFileReference; lastKnownFileType = sourcecode.swift; path = ImageBasedLightingExampleApp.swift; sourceTree = "<group>"; };
		7ED2B01B2B25E615000CA5C7 /* ContentView.swift */ = {isa = PBXFileReference; lastKnownFileType = sourcecode.swift; path = ContentView.swift; sourceTree = "<group>"; };
		7ED2B01D2B25E615000CA5C7 /* ImmersiveView.swift */ = {isa = PBXFileReference; lastKnownFileType = sourcecode.swift; path = ImmersiveView.swift; sourceTree = "<group>"; };
		7ED2B0212B25E617000CA5C7 /* Assets.xcassets */ = {isa = PBXFileReference; lastKnownFileType = folder.assetcatalog; path = Assets.xcassets; sourceTree = "<group>"; };
		7ED2B0242B25E617000CA5C7 /* Preview Assets.xcassets */ = {isa = PBXFileReference; lastKnownFileType = folder.assetcatalog; path = "Preview Assets.xcassets"; sourceTree = "<group>"; };
		7ED2B0262B25E617000CA5C7 /* Info.plist */ = {isa = PBXFileReference; lastKnownFileType = text.plist.xml; path = Info.plist; sourceTree = "<group>"; };
/* End PBXFileReference section */

/* Begin PBXFrameworksBuildPhase section */
		7ED2B00F2B25E615000CA5C7 /* Frameworks */ = {
			isa = PBXFrameworksBuildPhase;
			buildActionMask = 2147483647;
			files = (
				7ED2B0182B25E615000CA5C7 /* RealityKitContent in Frameworks */,
			);
			runOnlyForDeploymentPostprocessing = 0;
		};
/* End PBXFrameworksBuildPhase section */

/* Begin PBXGroup section */
		7E772F722B26073900A305CB /* Views */ = {
			isa = PBXGroup;
			children = (
				7ED2B01B2B25E615000CA5C7 /* ContentView.swift */,
				7ED2B01D2B25E615000CA5C7 /* ImmersiveView.swift */,
			);
			path = Views;
			sourceTree = "<group>";
		};
		7E772F732B26074000A305CB /* Utilities */ = {
			isa = PBXGroup;
			children = (
				7E772F6C2B25F4A200A305CB /* Animationsystem.swift */,
			);
			path = Utilities;
			sourceTree = "<group>";
		};
		7E772F742B26076500A305CB /* Skyboxes */ = {
			isa = PBXGroup;
			children = (
				7E772F682B25EE8E00A305CB /* Skybox_Green.skybox */,
				7E772F692B25EE8E00A305CB /* Skybox_Yellow.skybox */,
			);
			path = Skyboxes;
			sourceTree = "<group>";
		};
		7E772F752B26077B00A305CB /* ViewModels */ = {
			isa = PBXGroup;
			children = (
				7E772F702B26068900A305CB /* ViewModel.swift */,
			);
			path = ViewModels;
			sourceTree = "<group>";
		};
		7E772F762B26079E00A305CB /* SupportingFiles */ = {
			isa = PBXGroup;
			children = (
				7ED2B0212B25E617000CA5C7 /* Assets.xcassets */,
				7ED2B0262B25E617000CA5C7 /* Info.plist */,
			);
			path = SupportingFiles;
			sourceTree = "<group>";
		};
		7ED2B0092B25E615000CA5C7 = {
			isa = PBXGroup;
			children = (
				7ED2B0142B25E615000CA5C7 /* ImageBasedLightingExample */,
				7ED2B0152B25E615000CA5C7 /* Packages */,
				7ED2B0132B25E615000CA5C7 /* Products */,
			);
			sourceTree = "<group>";
		};
		7ED2B0132B25E615000CA5C7 /* Products */ = {
			isa = PBXGroup;
			children = (
				7ED2B0122B25E615000CA5C7 /* ImageBasedLightingExample.app */,
			);
			name = Products;
			sourceTree = "<group>";
		};
		7ED2B0142B25E615000CA5C7 /* ImageBasedLightingExample */ = {
			isa = PBXGroup;
			children = (
				7ED2B0192B25E615000CA5C7 /* ImageBasedLightingExampleApp.swift */,
				7ED2B0232B25E617000CA5C7 /* Preview Content */,
				7E772F742B26076500A305CB /* Skyboxes */,
				7E772F762B26079E00A305CB /* SupportingFiles */,
				7E772F732B26074000A305CB /* Utilities */,
				7E772F752B26077B00A305CB /* ViewModels */,
				7E772F722B26073900A305CB /* Views */,
			);
			path = ImageBasedLightingExample;
			sourceTree = "<group>";
		};
		7ED2B0152B25E615000CA5C7 /* Packages */ = {
			isa = PBXGroup;
			children = (
				7ED2B0162B25E615000CA5C7 /* RealityKitContent */,
			);
			path = Packages;
			sourceTree = "<group>";
		};
		7ED2B0232B25E617000CA5C7 /* Preview Content */ = {
			isa = PBXGroup;
			children = (
				7ED2B0242B25E617000CA5C7 /* Preview Assets.xcassets */,
			);
			path = "Preview Content";
			sourceTree = "<group>";
		};
/* End PBXGroup section */

/* Begin PBXNativeTarget section */
		7ED2B0112B25E615000CA5C7 /* ImageBasedLightingExample */ = {
			isa = PBXNativeTarget;
			buildConfigurationList = 7ED2B0292B25E617000CA5C7 /* Build configuration list for PBXNativeTarget "ImageBasedLightingExample" */;
			buildPhases = (
				7ED2B00E2B25E615000CA5C7 /* Sources */,
				7ED2B00F2B25E615000CA5C7 /* Frameworks */,
				7ED2B0102B25E615000CA5C7 /* Resources */,
			);
			buildRules = (
			);
			dependencies = (
			);
			name = ImageBasedLightingExample;
			packageProductDependencies = (
				7ED2B0172B25E615000CA5C7 /* RealityKitContent */,
			);
			productName = ImageBasedLightingExample;
			productReference = 7ED2B0122B25E615000CA5C7 /* ImageBasedLightingExample.app */;
			productType = "com.apple.product-type.application";
		};
/* End PBXNativeTarget section */

/* Begin PBXProject section */
		7ED2B00A2B25E615000CA5C7 /* Project object */ = {
			isa = PBXProject;
			attributes = {
				BuildIndependentTargetsInParallel = 1;
				LastSwiftUpdateCheck = 1510;
				LastUpgradeCheck = 1510;
				TargetAttributes = {
					7ED2B0112B25E615000CA5C7 = {
						CreatedOnToolsVersion = 15.1;
					};
				};
			};
			buildConfigurationList = 7ED2B00D2B25E615000CA5C7 /* Build configuration list for PBXProject "ImageBasedLightingExample" */;
			compatibilityVersion = "Xcode 14.0";
			developmentRegion = en;
			hasScannedForEncodings = 0;
			knownRegions = (
				en,
				Base,
			);
			mainGroup = 7ED2B0092B25E615000CA5C7;
			productRefGroup = 7ED2B0132B25E615000CA5C7 /* Products */;
			projectDirPath = "";
			projectRoot = "";
			targets = (
				7ED2B0112B25E615000CA5C7 /* ImageBasedLightingExample */,
			);
		};
/* End PBXProject section */

/* Begin PBXResourcesBuildPhase section */
		7ED2B0102B25E615000CA5C7 /* Resources */ = {
			isa = PBXResourcesBuildPhase;
			buildActionMask = 2147483647;
			files = (
				7ED2B0222B25E617000CA5C7 /* Assets.xcassets in Resources */,
				7E772F6B2B25EE8E00A305CB /* Skybox_Yellow.skybox in Resources */,
				7E772F6A2B25EE8E00A305CB /* Skybox_Green.skybox in Resources */,
				7ED2B0252B25E617000CA5C7 /* Preview Assets.xcassets in Resources */,
			);
			runOnlyForDeploymentPostprocessing = 0;
		};
/* End PBXResourcesBuildPhase section */

/* Begin PBXSourcesBuildPhase section */
		7ED2B00E2B25E615000CA5C7 /* Sources */ = {
			isa = PBXSourcesBuildPhase;
			buildActionMask = 2147483647;
			files = (
				7E772F712B26068900A305CB /* ViewModel.swift in Sources */,
				7ED2B01C2B25E615000CA5C7 /* ContentView.swift in Sources */,
				7E772F6D2B25F4A200A305CB /* Animationsystem.swift in Sources */,
				7ED2B01A2B25E615000CA5C7 /* ImageBasedLightingExampleApp.swift in Sources */,
				7ED2B01E2B25E615000CA5C7 /* ImmersiveView.swift in Sources */,
			);
			runOnlyForDeploymentPostprocessing = 0;
		};
/* End PBXSourcesBuildPhase section */

/* Begin XCBuildConfiguration section */
		7ED2B0272B25E617000CA5C7 /* Debug */ = {
			isa = XCBuildConfiguration;
			buildSettings = {
				ALWAYS_SEARCH_USER_PATHS = NO;
				ASSETCATALOG_COMPILER_GENERATE_SWIFT_ASSET_SYMBOL_EXTENSIONS = YES;
				CLANG_ANALYZER_NONNULL = YES;
				CLANG_ANALYZER_NUMBER_OBJECT_CONVERSION = YES_AGGRESSIVE;
				CLANG_CXX_LANGUAGE_STANDARD = "gnu++20";
				CLANG_ENABLE_MODULES = YES;
				CLANG_ENABLE_OBJC_ARC = YES;
				CLANG_ENABLE_OBJC_WEAK = YES;
				CLANG_WARN_BLOCK_CAPTURE_AUTORELEASING = YES;
				CLANG_WARN_BOOL_CONVERSION = YES;
				CLANG_WARN_COMMA = YES;
				CLANG_WARN_CONSTANT_CONVERSION = YES;
				CLANG_WARN_DEPRECATED_OBJC_IMPLEMENTATIONS = YES;
				CLANG_WARN_DIRECT_OBJC_ISA_USAGE = YES_ERROR;
				CLANG_WARN_DOCUMENTATION_COMMENTS = YES;
				CLANG_WARN_EMPTY_BODY = YES;
				CLANG_WARN_ENUM_CONVERSION = YES;
				CLANG_WARN_INFINITE_RECURSION = YES;
				CLANG_WARN_INT_CONVERSION = YES;
				CLANG_WARN_NON_LITERAL_NULL_CONVERSION = YES;
				CLANG_WARN_OBJC_IMPLICIT_RETAIN_SELF = YES;
				CLANG_WARN_OBJC_LITERAL_CONVERSION = YES;
				CLANG_WARN_OBJC_ROOT_CLASS = YES_ERROR;
				CLANG_WARN_QUOTED_INCLUDE_IN_FRAMEWORK_HEADER = YES;
				CLANG_WARN_RANGE_LOOP_ANALYSIS = YES;
				CLANG_WARN_STRICT_PROTOTYPES = YES;
				CLANG_WARN_SUSPICIOUS_MOVE = YES;
				CLANG_WARN_UNGUARDED_AVAILABILITY = YES_AGGRESSIVE;
				CLANG_WARN_UNREACHABLE_CODE = YES;
				CLANG_WARN__DUPLICATE_METHOD_MATCH = YES;
				COPY_PHASE_STRIP = NO;
				DEBUG_INFORMATION_FORMAT = dwarf;
				ENABLE_STRICT_OBJC_MSGSEND = YES;
				ENABLE_TESTABILITY = YES;
				ENABLE_USER_SCRIPT_SANDBOXING = YES;
				GCC_C_LANGUAGE_STANDARD = gnu17;
				GCC_DYNAMIC_NO_PIC = NO;
				GCC_NO_COMMON_BLOCKS = YES;
				GCC_OPTIMIZATION_LEVEL = 0;
				GCC_PREPROCESSOR_DEFINITIONS = (
					"DEBUG=1",
					"$(inherited)",
				);
				GCC_WARN_64_TO_32_BIT_CONVERSION = YES;
				GCC_WARN_ABOUT_RETURN_TYPE = YES_ERROR;
				GCC_WARN_UNDECLARED_SELECTOR = YES;
				GCC_WARN_UNINITIALIZED_AUTOS = YES_AGGRESSIVE;
				GCC_WARN_UNUSED_FUNCTION = YES;
				GCC_WARN_UNUSED_VARIABLE = YES;
				LOCALIZATION_PREFERS_STRING_CATALOGS = YES;
				MTL_ENABLE_DEBUG_INFO = INCLUDE_SOURCE;
				MTL_FAST_MATH = YES;
				ONLY_ACTIVE_ARCH = YES;
				SDKROOT = xros;
				SWIFT_ACTIVE_COMPILATION_CONDITIONS = "DEBUG $(inherited)";
				SWIFT_OPTIMIZATION_LEVEL = "-Onone";
				XROS_DEPLOYMENT_TARGET = 1.0;
			};
			name = Debug;
		};
		7ED2B0282B25E617000CA5C7 /* Release */ = {
			isa = XCBuildConfiguration;
			buildSettings = {
				ALWAYS_SEARCH_USER_PATHS = NO;
				ASSETCATALOG_COMPILER_GENERATE_SWIFT_ASSET_SYMBOL_EXTENSIONS = YES;
				CLANG_ANALYZER_NONNULL = YES;
				CLANG_ANALYZER_NUMBER_OBJECT_CONVERSION = YES_AGGRESSIVE;
				CLANG_CXX_LANGUAGE_STANDARD = "gnu++20";
				CLANG_ENABLE_MODULES = YES;
				CLANG_ENABLE_OBJC_ARC = YES;
				CLANG_ENABLE_OBJC_WEAK = YES;
				CLANG_WARN_BLOCK_CAPTURE_AUTORELEASING = YES;
				CLANG_WARN_BOOL_CONVERSION = YES;
				CLANG_WARN_COMMA = YES;
				CLANG_WARN_CONSTANT_CONVERSION = YES;
				CLANG_WARN_DEPRECATED_OBJC_IMPLEMENTATIONS = YES;
				CLANG_WARN_DIRECT_OBJC_ISA_USAGE = YES_ERROR;
				CLANG_WARN_DOCUMENTATION_COMMENTS = YES;
				CLANG_WARN_EMPTY_BODY = YES;
				CLANG_WARN_ENUM_CONVERSION = YES;
				CLANG_WARN_INFINITE_RECURSION = YES;
				CLANG_WARN_INT_CONVERSION = YES;
				CLANG_WARN_NON_LITERAL_NULL_CONVERSION = YES;
				CLANG_WARN_OBJC_IMPLICIT_RETAIN_SELF = YES;
				CLANG_WARN_OBJC_LITERAL_CONVERSION = YES;
				CLANG_WARN_OBJC_ROOT_CLASS = YES_ERROR;
				CLANG_WARN_QUOTED_INCLUDE_IN_FRAMEWORK_HEADER = YES;
				CLANG_WARN_RANGE_LOOP_ANALYSIS = YES;
				CLANG_WARN_STRICT_PROTOTYPES = YES;
				CLANG_WARN_SUSPICIOUS_MOVE = YES;
				CLANG_WARN_UNGUARDED_AVAILABILITY = YES_AGGRESSIVE;
				CLANG_WARN_UNREACHABLE_CODE = YES;
				CLANG_WARN__DUPLICATE_METHOD_MATCH = YES;
				COPY_PHASE_STRIP = NO;
				DEBUG_INFORMATION_FORMAT = "dwarf-with-dsym";
				ENABLE_NS_ASSERTIONS = NO;
				ENABLE_STRICT_OBJC_MSGSEND = YES;
				ENABLE_USER_SCRIPT_SANDBOXING = YES;
				GCC_C_LANGUAGE_STANDARD = gnu17;
				GCC_NO_COMMON_BLOCKS = YES;
				GCC_WARN_64_TO_32_BIT_CONVERSION = YES;
				GCC_WARN_ABOUT_RETURN_TYPE = YES_ERROR;
				GCC_WARN_UNDECLARED_SELECTOR = YES;
				GCC_WARN_UNINITIALIZED_AUTOS = YES_AGGRESSIVE;
				GCC_WARN_UNUSED_FUNCTION = YES;
				GCC_WARN_UNUSED_VARIABLE = YES;
				LOCALIZATION_PREFERS_STRING_CATALOGS = YES;
				MTL_ENABLE_DEBUG_INFO = NO;
				MTL_FAST_MATH = YES;
				SDKROOT = xros;
				SWIFT_COMPILATION_MODE = wholemodule;
				VALIDATE_PRODUCT = YES;
				XROS_DEPLOYMENT_TARGET = 1.0;
			};
			name = Release;
		};
		7ED2B02A2B25E617000CA5C7 /* Debug */ = {
			isa = XCBuildConfiguration;
			buildSettings = {
				ASSETCATALOG_COMPILER_APPICON_NAME = AppIcon;
				ASSETCATALOG_COMPILER_GLOBAL_ACCENT_COLOR_NAME = AccentColor;
				CODE_SIGN_STYLE = Automatic;
				CURRENT_PROJECT_VERSION = 1;
				DEVELOPMENT_ASSET_PATHS = "\"ImageBasedLightingExample/Preview Content\"";
				ENABLE_PREVIEWS = YES;
				GENERATE_INFOPLIST_FILE = YES;
				INFOPLIST_FILE = "$(TARGET_NAME)/SupportingFiles/Info.plist";
				LD_RUNPATH_SEARCH_PATHS = (
					"$(inherited)",
					"@executable_path/Frameworks",
				);
				MARKETING_VERSION = 1.0;
				PRODUCT_BUNDLE_IDENTIFIER = com.example.ImageBasedLightingExample;
				PRODUCT_NAME = "$(TARGET_NAME)";
				SUPPORTED_PLATFORMS = "xros xrsimulator";
				SWIFT_EMIT_LOC_STRINGS = YES;
				SWIFT_VERSION = 5.0;
				TARGETED_DEVICE_FAMILY = "1,2,7";
			};
			name = Debug;
		};
		7ED2B02B2B25E617000CA5C7 /* Release */ = {
			isa = XCBuildConfiguration;
			buildSettings = {
				ASSETCATALOG_COMPILER_APPICON_NAME = AppIcon;
				ASSETCATALOG_COMPILER_GLOBAL_ACCENT_COLOR_NAME = AccentColor;
				CODE_SIGN_STYLE = Automatic;
				CURRENT_PROJECT_VERSION = 1;
				DEVELOPMENT_ASSET_PATHS = "\"ImageBasedLightingExample/Preview Content\"";
				ENABLE_PREVIEWS = YES;
				GENERATE_INFOPLIST_FILE = YES;
				INFOPLIST_FILE = "$(TARGET_NAME)/SupportingFiles/Info.plist";
				LD_RUNPATH_SEARCH_PATHS = (
					"$(inherited)",
					"@executable_path/Frameworks",
				);
				MARKETING_VERSION = 1.0;
				PRODUCT_BUNDLE_IDENTIFIER = com.example.ImageBasedLightingExample;
				PRODUCT_NAME = "$(TARGET_NAME)";
				SUPPORTED_PLATFORMS = "xros xrsimulator";
				SWIFT_EMIT_LOC_STRINGS = YES;
				SWIFT_VERSION = 5.0;
				TARGETED_DEVICE_FAMILY = "1,2,7";
			};
			name = Release;
		};
/* End XCBuildConfiguration section */

/* Begin XCConfigurationList section */
		7ED2B00D2B25E615000CA5C7 /* Build configuration list for PBXProject "ImageBasedLightingExample" */ = {
			isa = XCConfigurationList;
			buildConfigurations = (
				7ED2B0272B25E617000CA5C7 /* Debug */,
				7ED2B0282B25E617000CA5C7 /* Release */,
			);
			defaultConfigurationIsVisible = 0;
			defaultConfigurationName = Release;
		};
		7ED2B0292B25E617000CA5C7 /* Build configuration list for PBXNativeTarget "ImageBasedLightingExample" */ = {
			isa = XCConfigurationList;
			buildConfigurations = (
				7ED2B02A2B25E617000CA5C7 /* Debug */,
				7ED2B02B2B25E617000CA5C7 /* Release */,
			);
			defaultConfigurationIsVisible = 0;
			defaultConfigurationName = Release;
		};
/* End XCConfigurationList section */

/* Begin XCSwiftPackageProductDependency section */
		7ED2B0172B25E615000CA5C7 /* RealityKitContent */ = {
			isa = XCSwiftPackageProductDependency;
			productName = RealityKitContent;
		};
/* End XCSwiftPackageProductDependency section */
	};
	rootObject = 7ED2B00A2B25E615000CA5C7 /* Project object */;
}
